// !$*UTF8*$!
{
	archiveVersion = 1;
	classes = {
	};
	objectVersion = 50;
	objects = {

/* Begin PBXBuildFile section */
		11D1E34D231B363500207058 /* AppDelegate.m in Sources */ = {isa = PBXBuildFile; fileRef = 11D1E34C231B363500207058 /* AppDelegate.m */; };
		11D1E353231B363500207058 /* Main.storyboard in Resources */ = {isa = PBXBuildFile; fileRef = 11D1E351231B363500207058 /* Main.storyboard */; };
		11D1E355231B363600207058 /* Assets.xcassets in Resources */ = {isa = PBXBuildFile; fileRef = 11D1E354231B363600207058 /* Assets.xcassets */; };
		11D1E358231B363600207058 /* LaunchScreen.storyboard in Resources */ = {isa = PBXBuildFile; fileRef = 11D1E356231B363600207058 /* LaunchScreen.storyboard */; };
		11D1E35B231B363600207058 /* main.m in Sources */ = {isa = PBXBuildFile; fileRef = 11D1E35A231B363600207058 /* main.m */; };
		11D1E369231B37C100207058 /* UIColors+SGExtras.swift in Sources */ = {isa = PBXBuildFile; fileRef = 11D1E368231B37C100207058 /* UIColors+SGExtras.swift */; };
		11D1E36B231B37D300207058 /* UIFont+SGExtras.swift in Sources */ = {isa = PBXBuildFile; fileRef = 11D1E36A231B37D300207058 /* UIFont+SGExtras.swift */; };
		11D1E371231B3E8700207058 /* SGSettersGetters.m in Sources */ = {isa = PBXBuildFile; fileRef = 11D1E370231B3E8700207058 /* SGSettersGetters.m */; };
		11D1E373231B3E9100207058 /* SGSettersGetters.swift in Sources */ = {isa = PBXBuildFile; fileRef = 11D1E372231B3E9100207058 /* SGSettersGetters.swift */; };
		11D1E377231C192900207058 /* SGExampleViewController.swift in Sources */ = {isa = PBXBuildFile; fileRef = 11D1E376231C192900207058 /* SGExampleViewController.swift */; };
/* End PBXBuildFile section */

/* Begin PBXFileReference section */
		11D1E348231B363500207058 /* SettersGettersDemo.app */ = {isa = PBXFileReference; explicitFileType = wrapper.application; includeInIndex = 0; path = SettersGettersDemo.app; sourceTree = BUILT_PRODUCTS_DIR; };
		11D1E34B231B363500207058 /* AppDelegate.h */ = {isa = PBXFileReference; lastKnownFileType = sourcecode.c.h; path = AppDelegate.h; sourceTree = "<group>"; };
		11D1E34C231B363500207058 /* AppDelegate.m */ = {isa = PBXFileReference; lastKnownFileType = sourcecode.c.objc; path = AppDelegate.m; sourceTree = "<group>"; };
		11D1E352231B363500207058 /* Base */ = {isa = PBXFileReference; lastKnownFileType = file.storyboard; name = Base; path = Base.lproj/Main.storyboard; sourceTree = "<group>"; };
		11D1E354231B363600207058 /* Assets.xcassets */ = {isa = PBXFileReference; lastKnownFileType = folder.assetcatalog; path = Assets.xcassets; sourceTree = "<group>"; };
		11D1E357231B363600207058 /* Base */ = {isa = PBXFileReference; lastKnownFileType = file.storyboard; name = Base; path = Base.lproj/LaunchScreen.storyboard; sourceTree = "<group>"; };
		11D1E359231B363600207058 /* Info.plist */ = {isa = PBXFileReference; lastKnownFileType = text.plist.xml; path = Info.plist; sourceTree = "<group>"; };
		11D1E35A231B363600207058 /* main.m */ = {isa = PBXFileReference; lastKnownFileType = sourcecode.c.objc; path = main.m; sourceTree = "<group>"; };
		11D1E367231B37C100207058 /* SettersGettersDemo-Bridging-Header.h */ = {isa = PBXFileReference; lastKnownFileType = sourcecode.c.h; path = "SettersGettersDemo-Bridging-Header.h"; sourceTree = "<group>"; };
		11D1E368231B37C100207058 /* UIColors+SGExtras.swift */ = {isa = PBXFileReference; lastKnownFileType = sourcecode.swift; path = "UIColors+SGExtras.swift"; sourceTree = "<group>"; };
		11D1E36A231B37D300207058 /* UIFont+SGExtras.swift */ = {isa = PBXFileReference; lastKnownFileType = sourcecode.swift; path = "UIFont+SGExtras.swift"; sourceTree = "<group>"; };
		11D1E36F231B3E8700207058 /* SGSettersGetters.h */ = {isa = PBXFileReference; lastKnownFileType = sourcecode.c.h; path = SGSettersGetters.h; sourceTree = "<group>"; };
		11D1E370231B3E8700207058 /* SGSettersGetters.m */ = {isa = PBXFileReference; lastKnownFileType = sourcecode.c.objc; path = SGSettersGetters.m; sourceTree = "<group>"; };
		11D1E372231B3E9100207058 /* SGSettersGetters.swift */ = {isa = PBXFileReference; lastKnownFileType = sourcecode.swift; path = SGSettersGetters.swift; sourceTree = "<group>"; };
		11D1E376231C192900207058 /* SGExampleViewController.swift */ = {isa = PBXFileReference; lastKnownFileType = sourcecode.swift; path = SGExampleViewController.swift; sourceTree = "<group>"; };
/* End PBXFileReference section */

/* Begin PBXFrameworksBuildPhase section */
		11D1E345231B363500207058 /* Frameworks */ = {
			isa = PBXFrameworksBuildPhase;
			buildActionMask = 2147483647;
			files = (
			);
			runOnlyForDeploymentPostprocessing = 0;
		};
/* End PBXFrameworksBuildPhase section */

/* Begin PBXGroup section */
		11D1E33F231B363500207058 = {
			isa = PBXGroup;
			children = (
				11D1E34A231B363500207058 /* SettersGettersDemo */,
				11D1E349231B363500207058 /* Products */,
			);
			sourceTree = "<group>";
		};
		11D1E349231B363500207058 /* Products */ = {
			isa = PBXGroup;
			children = (
				11D1E348231B363500207058 /* SettersGettersDemo.app */,
			);
			name = Products;
			sourceTree = "<group>";
		};
		11D1E34A231B363500207058 /* SettersGettersDemo */ = {
			isa = PBXGroup;
			children = (
				11D1E363231B375500207058 /* Assets */,
				11D1E36E231B3E5800207058 /* SettersGetters */,
				11D1E375231C190700207058 /* ExampleViewControllers */,
				11D1E351231B363500207058 /* Main.storyboard */,
				11D1E356231B363600207058 /* LaunchScreen.storyboard */,
				11D1E362231B370900207058 /* SupportingFiles */,
			);
			path = SettersGettersDemo;
			sourceTree = "<group>";
		};
		11D1E362231B370900207058 /* SupportingFiles */ = {
			isa = PBXGroup;
			children = (
				11D1E367231B37C100207058 /* SettersGettersDemo-Bridging-Header.h */,
				11D1E34B231B363500207058 /* AppDelegate.h */,
				11D1E34C231B363500207058 /* AppDelegate.m */,
				11D1E359231B363600207058 /* Info.plist */,
				11D1E35A231B363600207058 /* main.m */,
			);
			path = SupportingFiles;
			sourceTree = "<group>";
		};
		11D1E363231B375500207058 /* Assets */ = {
			isa = PBXGroup;
			children = (
				11D1E364231B375C00207058 /* ImagesFiles */,
				11D1E366231B376D00207058 /* Colors */,
				11D1E365231B376900207058 /* Fonts */,
			);
			path = Assets;
			sourceTree = "<group>";
		};
		11D1E364231B375C00207058 /* ImagesFiles */ = {
			isa = PBXGroup;
			children = (
				11D1E354231B363600207058 /* Assets.xcassets */,
			);
			path = ImagesFiles;
			sourceTree = "<group>";
		};
		11D1E365231B376900207058 /* Fonts */ = {
			isa = PBXGroup;
			children = (
				11D1E36C231B38A900207058 /* Files */,
				11D1E36A231B37D300207058 /* UIFont+SGExtras.swift */,
			);
			path = Fonts;
			sourceTree = "<group>";
		};
		11D1E366231B376D00207058 /* Colors */ = {
			isa = PBXGroup;
			children = (
				11D1E368231B37C100207058 /* UIColors+SGExtras.swift */,
			);
			path = Colors;
			sourceTree = "<group>";
		};
		11D1E36C231B38A900207058 /* Files */ = {
			isa = PBXGroup;
			children = (
			);
			path = Files;
			sourceTree = "<group>";
		};
		11D1E36E231B3E5800207058 /* SettersGetters */ = {
			isa = PBXGroup;
			children = (
				11D1E36F231B3E8700207058 /* SGSettersGetters.h */,
				11D1E370231B3E8700207058 /* SGSettersGetters.m */,
				11D1E372231B3E9100207058 /* SGSettersGetters.swift */,
			);
			path = SettersGetters;
			sourceTree = "<group>";
		};
		11D1E375231C190700207058 /* ExampleViewControllers */ = {
			isa = PBXGroup;
			children = (
				11D1E376231C192900207058 /* SGExampleViewController.swift */,
			);
			path = ExampleViewControllers;
			sourceTree = "<group>";
		};
/* End PBXGroup section */

/* Begin PBXNativeTarget section */
		11D1E347231B363500207058 /* SettersGettersDemo */ = {
			isa = PBXNativeTarget;
			buildConfigurationList = 11D1E35E231B363600207058 /* Build configuration list for PBXNativeTarget "SettersGettersDemo" */;
			buildPhases = (
				11D1E344231B363500207058 /* Sources */,
				11D1E345231B363500207058 /* Frameworks */,
				11D1E346231B363500207058 /* Resources */,
			);
			buildRules = (
			);
			dependencies = (
			);
			name = SettersGettersDemo;
			productName = SettersGettersDemo;
			productReference = 11D1E348231B363500207058 /* SettersGettersDemo.app */;
			productType = "com.apple.product-type.application";
		};
/* End PBXNativeTarget section */

/* Begin PBXProject section */
		11D1E340231B363500207058 /* Project object */ = {
			isa = PBXProject;
			attributes = {
				CLASSPREFIX = SG;
				LastUpgradeCheck = 1030;
				ORGANIZATIONNAME = "Guillermo Sáenz Urday";
				TargetAttributes = {
					11D1E347231B363500207058 = {
						CreatedOnToolsVersion = 10.3;
						LastSwiftMigration = 1030;
					};
				};
			};
			buildConfigurationList = 11D1E343231B363500207058 /* Build configuration list for PBXProject "SettersGettersDemo" */;
			compatibilityVersion = "Xcode 9.3";
			developmentRegion = en;
			hasScannedForEncodings = 0;
			knownRegions = (
				en,
				Base,
			);
			mainGroup = 11D1E33F231B363500207058;
			productRefGroup = 11D1E349231B363500207058 /* Products */;
			projectDirPath = "";
			projectRoot = "";
			targets = (
				11D1E347231B363500207058 /* SettersGettersDemo */,
			);
		};
/* End PBXProject section */

/* Begin PBXResourcesBuildPhase section */
		11D1E346231B363500207058 /* Resources */ = {
			isa = PBXResourcesBuildPhase;
			buildActionMask = 2147483647;
			files = (
				11D1E358231B363600207058 /* LaunchScreen.storyboard in Resources */,
				11D1E355231B363600207058 /* Assets.xcassets in Resources */,
				11D1E353231B363500207058 /* Main.storyboard in Resources */,
			);
			runOnlyForDeploymentPostprocessing = 0;
		};
/* End PBXResourcesBuildPhase section */

/* Begin PBXSourcesBuildPhase section */
		11D1E344231B363500207058 /* Sources */ = {
			isa = PBXSourcesBuildPhase;
			buildActionMask = 2147483647;
			files = (
				11D1E35B231B363600207058 /* main.m in Sources */,
				11D1E377231C192900207058 /* SGExampleViewController.swift in Sources */,
				11D1E369231B37C100207058 /* UIColors+SGExtras.swift in Sources */,
				11D1E36B231B37D300207058 /* UIFont+SGExtras.swift in Sources */,
				11D1E371231B3E8700207058 /* SGSettersGetters.m in Sources */,
				11D1E34D231B363500207058 /* AppDelegate.m in Sources */,
				11D1E373231B3E9100207058 /* SGSettersGetters.swift in Sources */,
			);
			runOnlyForDeploymentPostprocessing = 0;
		};
/* End PBXSourcesBuildPhase section */

/* Begin PBXVariantGroup section */
		11D1E351231B363500207058 /* Main.storyboard */ = {
			isa = PBXVariantGroup;
			children = (
				11D1E352231B363500207058 /* Base */,
			);
			name = Main.storyboard;
			sourceTree = "<group>";
		};
		11D1E356231B363600207058 /* LaunchScreen.storyboard */ = {
			isa = PBXVariantGroup;
			children = (
				11D1E357231B363600207058 /* Base */,
			);
			name = LaunchScreen.storyboard;
			sourceTree = "<group>";
		};
/* End PBXVariantGroup section */

/* Begin XCBuildConfiguration section */
		11D1E35C231B363600207058 /* Debug */ = {
			isa = XCBuildConfiguration;
			buildSettings = {
				ALWAYS_SEARCH_USER_PATHS = NO;
				CLANG_ANALYZER_NONNULL = YES;
				CLANG_ANALYZER_NUMBER_OBJECT_CONVERSION = YES_AGGRESSIVE;
				CLANG_CXX_LANGUAGE_STANDARD = "gnu++14";
				CLANG_CXX_LIBRARY = "libc++";
				CLANG_ENABLE_MODULES = YES;
				CLANG_ENABLE_OBJC_ARC = YES;
				CLANG_ENABLE_OBJC_WEAK = YES;
				CLANG_WARN_BLOCK_CAPTURE_AUTORELEASING = YES;
				CLANG_WARN_BOOL_CONVERSION = YES;
				CLANG_WARN_COMMA = YES;
				CLANG_WARN_CONSTANT_CONVERSION = YES;
				CLANG_WARN_DEPRECATED_OBJC_IMPLEMENTATIONS = YES;
				CLANG_WARN_DIRECT_OBJC_ISA_USAGE = YES_ERROR;
				CLANG_WARN_DOCUMENTATION_COMMENTS = YES;
				CLANG_WARN_EMPTY_BODY = YES;
				CLANG_WARN_ENUM_CONVERSION = YES;
				CLANG_WARN_INFINITE_RECURSION = YES;
				CLANG_WARN_INT_CONVERSION = YES;
				CLANG_WARN_NON_LITERAL_NULL_CONVERSION = YES;
				CLANG_WARN_OBJC_IMPLICIT_RETAIN_SELF = YES;
				CLANG_WARN_OBJC_LITERAL_CONVERSION = YES;
				CLANG_WARN_OBJC_ROOT_CLASS = YES_ERROR;
				CLANG_WARN_RANGE_LOOP_ANALYSIS = YES;
				CLANG_WARN_STRICT_PROTOTYPES = YES;
				CLANG_WARN_SUSPICIOUS_MOVE = YES;
				CLANG_WARN_UNGUARDED_AVAILABILITY = YES_AGGRESSIVE;
				CLANG_WARN_UNREACHABLE_CODE = YES;
				CLANG_WARN__DUPLICATE_METHOD_MATCH = YES;
				CODE_SIGN_IDENTITY = "iPhone Developer";
				COPY_PHASE_STRIP = NO;
				DEBUG_INFORMATION_FORMAT = dwarf;
				ENABLE_STRICT_OBJC_MSGSEND = YES;
				ENABLE_TESTABILITY = YES;
				GCC_C_LANGUAGE_STANDARD = gnu11;
				GCC_DYNAMIC_NO_PIC = NO;
				GCC_NO_COMMON_BLOCKS = YES;
				GCC_OPTIMIZATION_LEVEL = 0;
				GCC_PREPROCESSOR_DEFINITIONS = (
					"DEBUG=1",
					"$(inherited)",
				);
				GCC_WARN_64_TO_32_BIT_CONVERSION = YES;
				GCC_WARN_ABOUT_RETURN_TYPE = YES_ERROR;
				GCC_WARN_UNDECLARED_SELECTOR = YES;
				GCC_WARN_UNINITIALIZED_AUTOS = YES_AGGRESSIVE;
				GCC_WARN_UNUSED_FUNCTION = YES;
				GCC_WARN_UNUSED_VARIABLE = YES;
				IPHONEOS_DEPLOYMENT_TARGET = 12.4;
				MTL_ENABLE_DEBUG_INFO = INCLUDE_SOURCE;
				MTL_FAST_MATH = YES;
				ONLY_ACTIVE_ARCH = YES;
				SDKROOT = iphoneos;
			};
			name = Debug;
		};
		11D1E35D231B363600207058 /* Release */ = {
			isa = XCBuildConfiguration;
			buildSettings = {
				ALWAYS_SEARCH_USER_PATHS = NO;
				CLANG_ANALYZER_NONNULL = YES;
				CLANG_ANALYZER_NUMBER_OBJECT_CONVERSION = YES_AGGRESSIVE;
				CLANG_CXX_LANGUAGE_STANDARD = "gnu++14";
				CLANG_CXX_LIBRARY = "libc++";
				CLANG_ENABLE_MODULES = YES;
				CLANG_ENABLE_OBJC_ARC = YES;
				CLANG_ENABLE_OBJC_WEAK = YES;
				CLANG_WARN_BLOCK_CAPTURE_AUTORELEASING = YES;
				CLANG_WARN_BOOL_CONVERSION = YES;
				CLANG_WARN_COMMA = YES;
				CLANG_WARN_CONSTANT_CONVERSION = YES;
				CLANG_WARN_DEPRECATED_OBJC_IMPLEMENTATIONS = YES;
				CLANG_WARN_DIRECT_OBJC_ISA_USAGE = YES_ERROR;
				CLANG_WARN_DOCUMENTATION_COMMENTS = YES;
				CLANG_WARN_EMPTY_BODY = YES;
				CLANG_WARN_ENUM_CONVERSION = YES;
				CLANG_WARN_INFINITE_RECURSION = YES;
				CLANG_WARN_INT_CONVERSION = YES;
				CLANG_WARN_NON_LITERAL_NULL_CONVERSION = YES;
				CLANG_WARN_OBJC_IMPLICIT_RETAIN_SELF = YES;
				CLANG_WARN_OBJC_LITERAL_CONVERSION = YES;
				CLANG_WARN_OBJC_ROOT_CLASS = YES_ERROR;
				CLANG_WARN_RANGE_LOOP_ANALYSIS = YES;
				CLANG_WARN_STRICT_PROTOTYPES = YES;
				CLANG_WARN_SUSPICIOUS_MOVE = YES;
				CLANG_WARN_UNGUARDED_AVAILABILITY = YES_AGGRESSIVE;
				CLANG_WARN_UNREACHABLE_CODE = YES;
				CLANG_WARN__DUPLICATE_METHOD_MATCH = YES;
				CODE_SIGN_IDENTITY = "iPhone Developer";
				COPY_PHASE_STRIP = NO;
				DEBUG_INFORMATION_FORMAT = "dwarf-with-dsym";
				ENABLE_NS_ASSERTIONS = NO;
				ENABLE_STRICT_OBJC_MSGSEND = YES;
				GCC_C_LANGUAGE_STANDARD = gnu11;
				GCC_NO_COMMON_BLOCKS = YES;
				GCC_WARN_64_TO_32_BIT_CONVERSION = YES;
				GCC_WARN_ABOUT_RETURN_TYPE = YES_ERROR;
				GCC_WARN_UNDECLARED_SELECTOR = YES;
				GCC_WARN_UNINITIALIZED_AUTOS = YES_AGGRESSIVE;
				GCC_WARN_UNUSED_FUNCTION = YES;
				GCC_WARN_UNUSED_VARIABLE = YES;
				IPHONEOS_DEPLOYMENT_TARGET = 12.4;
				MTL_ENABLE_DEBUG_INFO = NO;
				MTL_FAST_MATH = YES;
				SDKROOT = iphoneos;
				VALIDATE_PRODUCT = YES;
			};
			name = Release;
		};
		11D1E35F231B363600207058 /* Debug */ = {
			isa = XCBuildConfiguration;
			buildSettings = {
				ASSETCATALOG_COMPILER_APPICON_NAME = AppIcon;
				CLANG_ENABLE_MODULES = YES;
				CODE_SIGN_STYLE = Automatic;
				INFOPLIST_FILE = SettersGettersDemo/SupportingFiles/Info.plist;
				LD_RUNPATH_SEARCH_PATHS = (
					"$(inherited)",
					"@executable_path/Frameworks",
				);
				PRODUCT_BUNDLE_IDENTIFIER = dev.com.proatomicdev.SettersGettersDemo;
				PRODUCT_NAME = "$(TARGET_NAME)";
				SWIFT_OBJC_BRIDGING_HEADER = "SettersGettersDemo/SupportingFiles/SettersGettersDemo-Bridging-Header.h";
				SWIFT_OPTIMIZATION_LEVEL = "-Onone";
				SWIFT_VERSION = 5.0;
				TARGETED_DEVICE_FAMILY = "1,2";
			};
			name = Debug;
		};
		11D1E360231B363600207058 /* Release */ = {
			isa = XCBuildConfiguration;
			buildSettings = {
				ASSETCATALOG_COMPILER_APPICON_NAME = AppIcon;
				CLANG_ENABLE_MODULES = YES;
				CODE_SIGN_STYLE = Automatic;
				INFOPLIST_FILE = SettersGettersDemo/SupportingFiles/Info.plist;
				LD_RUNPATH_SEARCH_PATHS = (
					"$(inherited)",
					"@executable_path/Frameworks",
				);
				PRODUCT_BUNDLE_IDENTIFIER = dev.com.proatomicdev.SettersGettersDemo;
				PRODUCT_NAME = "$(TARGET_NAME)";
				SWIFT_OBJC_BRIDGING_HEADER = "SettersGettersDemo/SupportingFiles/SettersGettersDemo-Bridging-Header.h";
				SWIFT_VERSION = 5.0;
				TARGETED_DEVICE_FAMILY = "1,2";
			};
			name = Release;
		};
/* End XCBuildConfiguration section */

/* Begin XCConfigurationList section */
		11D1E343231B363500207058 /* Build configuration list for PBXProject "SettersGettersDemo" */ = {
			isa = XCConfigurationList;
			buildConfigurations = (
				11D1E35C231B363600207058 /* Debug */,
				11D1E35D231B363600207058 /* Release */,
			);
			defaultConfigurationIsVisible = 0;
			defaultConfigurationName = Release;
		};
		11D1E35E231B363600207058 /* Build configuration list for PBXNativeTarget "SettersGettersDemo" */ = {
			isa = XCConfigurationList;
			buildConfigurations = (
				11D1E35F231B363600207058 /* Debug */,
				11D1E360231B363600207058 /* Release */,
			);
			defaultConfigurationIsVisible = 0;
			defaultConfigurationName = Release;
		};
/* End XCConfigurationList section */
	};
	rootObject = 11D1E340231B363500207058 /* Project object */;
}
